
Microsoft Visual Studio Solution File, Format Version 12.00
# Visual Studio Version 16
VisualStudioVersion = 16.0.30114.105
MinimumVisualStudioVersion = 10.0.40219.1
Project("{9A19103F-16F7-4668-BE54-9A1E7A4F7556}") = "API", "API\API.csproj", "{ED39089E-43F6-4528-BBCB-81A6F50D0866}"
EndProject
Project("{9A19103F-16F7-4668-BE54-9A1E7A4F7556}") = "Core", "Core\Core.csproj", "{682A395E-B0B9-499F-BC19-57BCCDF44DE5}"
EndProject
Project("{9A19103F-16F7-4668-BE54-9A1E7A4F7556}") = "Infrastructure", "Infrastructure\Infrastructure.csproj", "{C9C8C0D3-696F-465F-973D-78477608CE23}"
EndProject
Project("{FAE04EC0-301F-11D3-BF4B-00C04F79EFBC}") = "shopsRUs.Test", "shopsRUs.Test\shopsRUs.Test.csproj", "{35913C35-B7BD-4134-92BE-855DEBECFD05}"
EndProject
Global
	GlobalSection(SolutionConfigurationPlatforms) = preSolution
		Debug|Any CPU = Debug|Any CPU
		Debug|x64 = Debug|x64
		Debug|x86 = Debug|x86
		Release|Any CPU = Release|Any CPU
		Release|x64 = Release|x64
		Release|x86 = Release|x86
	EndGlobalSection
	GlobalSection(ProjectConfigurationPlatforms) = postSolution
		{ED39089E-43F6-4528-BBCB-81A6F50D0866}.Debug|Any CPU.ActiveCfg = Debug|Any CPU
		{ED39089E-43F6-4528-BBCB-81A6F50D0866}.Debug|Any CPU.Build.0 = Debug|Any CPU
		{ED39089E-43F6-4528-BBCB-81A6F50D0866}.Debug|x64.ActiveCfg = Debug|Any CPU
		{ED39089E-43F6-4528-BBCB-81A6F50D0866}.Debug|x64.Build.0 = Debug|Any CPU
		{ED39089E-43F6-4528-BBCB-81A6F50D0866}.Debug|x86.ActiveCfg = Debug|Any CPU
		{ED39089E-43F6-4528-BBCB-81A6F50D0866}.Debug|x86.Build.0 = Debug|Any CPU
		{ED39089E-43F6-4528-BBCB-81A6F50D0866}.Release|Any CPU.ActiveCfg = Release|Any CPU
		{ED39089E-43F6-4528-BBCB-81A6F50D0866}.Release|Any CPU.Build.0 = Release|Any CPU
		{ED39089E-43F6-4528-BBCB-81A6F50D0866}.Release|x64.ActiveCfg = Release|Any CPU
		{ED39089E-43F6-4528-BBCB-81A6F50D0866}.Release|x64.Build.0 = Release|Any CPU
		{ED39089E-43F6-4528-BBCB-81A6F50D0866}.Release|x86.ActiveCfg = Release|Any CPU
		{ED39089E-43F6-4528-BBCB-81A6F50D0866}.Release|x86.Build.0 = Release|Any CPU
		{682A395E-B0B9-499F-BC19-57BCCDF44DE5}.Debug|Any CPU.ActiveCfg = Debug|Any CPU
		{682A395E-B0B9-499F-BC19-57BCCDF44DE5}.Debug|Any CPU.Build.0 = Debug|Any CPU
		{682A395E-B0B9-499F-BC19-57BCCDF44DE5}.Debug|x64.ActiveCfg = Debug|Any CPU
		{682A395E-B0B9-499F-BC19-57BCCDF44DE5}.Debug|x64.Build.0 = Debug|Any CPU
		{682A395E-B0B9-499F-BC19-57BCCDF44DE5}.Debug|x86.ActiveCfg = Debug|Any CPU
		{682A395E-B0B9-499F-BC19-57BCCDF44DE5}.Debug|x86.Build.0 = Debug|Any CPU
		{682A395E-B0B9-499F-BC19-57BCCDF44DE5}.Release|Any CPU.ActiveCfg = Release|Any CPU
		{682A395E-B0B9-499F-BC19-57BCCDF44DE5}.Release|Any CPU.Build.0 = Release|Any CPU
		{682A395E-B0B9-499F-BC19-57BCCDF44DE5}.Release|x64.ActiveCfg = Release|Any CPU
		{682A395E-B0B9-499F-BC19-57BCCDF44DE5}.Release|x64.Build.0 = Release|Any CPU
		{682A395E-B0B9-499F-BC19-57BCCDF44DE5}.Release|x86.ActiveCfg = Release|Any CPU
		{682A395E-B0B9-499F-BC19-57BCCDF44DE5}.Release|x86.Build.0 = Release|Any CPU
		{C9C8C0D3-696F-465F-973D-78477608CE23}.Debug|Any CPU.ActiveCfg = Debug|Any CPU
		{C9C8C0D3-696F-465F-973D-78477608CE23}.Debug|Any CPU.Build.0 = Debug|Any CPU
		{C9C8C0D3-696F-465F-973D-78477608CE23}.Debug|x64.ActiveCfg = Debug|Any CPU
		{C9C8C0D3-696F-465F-973D-78477608CE23}.Debug|x64.Build.0 = Debug|Any CPU
		{C9C8C0D3-696F-465F-973D-78477608CE23}.Debug|x86.ActiveCfg = Debug|Any CPU
		{C9C8C0D3-696F-465F-973D-78477608CE23}.Debug|x86.Build.0 = Debug|Any CPU
		{C9C8C0D3-696F-465F-973D-78477608CE23}.Release|Any CPU.ActiveCfg = Release|Any CPU
		{C9C8C0D3-696F-465F-973D-78477608CE23}.Release|Any CPU.Build.0 = Release|Any CPU
		{C9C8C0D3-696F-465F-973D-78477608CE23}.Release|x64.ActiveCfg = Release|Any CPU
		{C9C8C0D3-696F-465F-973D-78477608CE23}.Release|x64.Build.0 = Release|Any CPU
		{C9C8C0D3-696F-465F-973D-78477608CE23}.Release|x86.ActiveCfg = Release|Any CPU
		{C9C8C0D3-696F-465F-973D-78477608CE23}.Release|x86.Build.0 = Release|Any CPU
		{35913C35-B7BD-4134-92BE-855DEBECFD05}.Debug|Any CPU.ActiveCfg = Debug|Any CPU
		{35913C35-B7BD-4134-92BE-855DEBECFD05}.Debug|Any CPU.Build.0 = Debug|Any CPU
		{35913C35-B7BD-4134-92BE-855DEBECFD05}.Debug|x64.ActiveCfg = Debug|Any CPU
		{35913C35-B7BD-4134-92BE-855DEBECFD05}.Debug|x64.Build.0 = Debug|Any CPU
		{35913C35-B7BD-4134-92BE-855DEBECFD05}.Debug|x86.ActiveCfg = Debug|Any CPU
		{35913C35-B7BD-4134-92BE-855DEBECFD05}.Debug|x86.Build.0 = Debug|Any CPU
		{35913C35-B7BD-4134-92BE-855DEBECFD05}.Release|Any CPU.ActiveCfg = Release|Any CPU
		{35913C35-B7BD-4134-92BE-855DEBECFD05}.Release|Any CPU.Build.0 = Release|Any CPU
		{35913C35-B7BD-4134-92BE-855DEBECFD05}.Release|x64.ActiveCfg = Release|Any CPU
		{35913C35-B7BD-4134-92BE-855DEBECFD05}.Release|x64.Build.0 = Release|Any CPU
		{35913C35-B7BD-4134-92BE-855DEBECFD05}.Release|x86.ActiveCfg = Release|Any CPU
		{35913C35-B7BD-4134-92BE-855DEBECFD05}.Release|x86.Build.0 = Release|Any CPU
	EndGlobalSection
	GlobalSection(SolutionProperties) = preSolution
		HideSolutionNode = FALSE
	EndGlobalSection
	GlobalSection(ExtensibilityGlobals) = postSolution
		SolutionGuid = {5978ECB3-B655-441B-8AB7-B043DF7C2AA5}
	EndGlobalSection
EndGlobal
